{
  "name": "slackbot-response",
  "version": "1.0.0",
  "lockfileVersion": 1,
  "dependencies": {
    "async": {
      "version": "2.1.4",
      "resolved": "https://artifactory.homeawaycorp.com/artifactory/api/npm/npm/async/-/async-2.1.4.tgz",
      "integrity": "sha1-LSFgx3iAMuTdbL4lAvH5osj2zeQ="
    },
    "bluebird": {
      "version": "2.10.2",
      "resolved": "https://artifactory.homeawaycorp.com/artifactory/api/npm/npm/bluebird/-/bluebird-2.10.2.tgz",
      "integrity": "sha1-AkpVFylTCIV/FPkfEQb8O1VfRGs="
    },
    "bson": {
      "version": "1.0.4",
      "resolved": "https://artifactory.homeawaycorp.com/artifactory/api/npm/npm/bson/-/bson-1.0.4.tgz",
      "integrity": "sha1-k8ENOeqltYQVy8QFLz5T5WKwtyw="
    },
    "buffer-shims": {
      "version": "1.0.0",
      "resolved": "https://artifactory.homeawaycorp.com/artifactory/api/npm/npm/buffer-shims/-/buffer-shims-1.0.0.tgz",
      "integrity": "sha1-mXjOMXOIxkmth5MCjDR37wRKi1E="
    },
    "core-util-is": {
      "version": "1.0.2",
      "resolved": "https://artifactory.homeawaycorp.com/artifactory/api/npm/npm/core-util-is/-/core-util-is-1.0.2.tgz",
      "integrity": "sha1-tf1UIgqivFq1eqtxQMlAdUUDwac="
    },
    "debug": {
      "version": "2.6.8",
      "resolved": "https://artifactory.homeawaycorp.com/artifactory/api/npm/npm/debug/-/debug-2.6.8.tgz",
      "integrity": "sha1-5zFTHKLt4n0YgiJCfaF4IdaP9Pw="
    },
    "es6-promise": {
      "version": "3.2.1",
      "resolved": "https://artifactory.homeawaycorp.com/artifactory/api/npm/npm/es6-promise/-/es6-promise-3.2.1.tgz",
      "integrity": "sha1-7FYjOGgDKQkgcXDDlEjiREndH8Q="
    },
    "hooks-fixed": {
      "version": "2.0.0",
      "resolved": "https://artifactory.homeawaycorp.com/artifactory/api/npm/npm/hooks-fixed/-/hooks-fixed-2.0.0.tgz",
      "integrity": "sha1-oB2JTVKsf2WZu7H2PfycQR33DLo="
    },
    "inherits": {
      "version": "2.0.3",
      "resolved": "https://artifactory.homeawaycorp.com/artifactory/api/npm/npm/inherits/-/inherits-2.0.3.tgz",
      "integrity": "sha1-Yzwsg+PaQqUC9SRmAiSA9CCCYd4="
    },
    "isarray": {
      "version": "1.0.0",
      "resolved": "https://artifactory.homeawaycorp.com/artifactory/api/npm/npm/isarray/-/isarray-1.0.0.tgz",
      "integrity": "sha1-u5NdSFgsuhaMBoNJV6VKPgcSTxE="
    },
    "kareem": {
      "version": "1.4.2",
      "resolved": "https://artifactory.homeawaycorp.com/artifactory/api/npm/npm/kareem/-/kareem-1.4.2.tgz",
      "integrity": "sha1-O0r12/rzrBwIuOVRj92BupDCq3I="
    },
    "lodash": {
      "version": "4.17.4",
      "resolved": "https://artifactory.homeawaycorp.com/artifactory/api/npm/npm/lodash/-/lodash-4.17.4.tgz",
      "integrity": "sha1-eCA6TRwyiuHYbcpkYONptX9AVa4="
    },
    "mongodb": {
      "version": "2.2.27",
      "resolved": "https://artifactory.homeawaycorp.com/artifactory/api/npm/npm/mongodb/-/mongodb-2.2.27.tgz",
      "integrity": "sha1-NBIgNNtm2YO89qta2yaiSnD+9uY="
    },
    "mongodb-core": {
      "version": "2.1.11",
      "resolved": "https://artifactory.homeawaycorp.com/artifactory/api/npm/npm/mongodb-core/-/mongodb-core-2.1.11.tgz",
      "integrity": "sha1-HDh3bOsXSZepnCiGDu2QKNqbPho="
    },
    "mongoose": {
      "version": "4.11.3",
      "resolved": "https://artifactory.homeawaycorp.com/artifactory/api/npm/npm/mongoose/-/mongoose-4.11.3.tgz",
      "integrity": "sha1-+T1CeygsLnmLD+FTL7Qafd5umNM="
    },
    "mpath": {
      "version": "0.3.0",
      "resolved": "https://artifactory.homeawaycorp.com/artifactory/api/npm/npm/mpath/-/mpath-0.3.0.tgz",
      "integrity": "sha1-elj3iem1/TyUUgY0FXlg8mvV70Q="
    },
    "mpromise": {
      "version": "0.5.5",
      "resolved": "https://artifactory.homeawaycorp.com/artifactory/api/npm/npm/mpromise/-/mpromise-0.5.5.tgz",
      "integrity": "sha1-9bJCWddjrMIlewoMjG2Gb9UXMuY="
    },
    "mquery": {
      "version": "2.3.1",
      "resolved": "https://artifactory.homeawaycorp.com/artifactory/api/npm/npm/mquery/-/mquery-2.3.1.tgz",
      "integrity": "sha1-mrNnSXFIAP8LtTpoHOS8TV8HyHs=",
      "dependencies": {
        "sliced": {
          "version": "0.0.5",
          "resolved": "https://artifactory.homeawaycorp.com/artifactory/api/npm/npm/sliced/-/sliced-0.0.5.tgz",
          "integrity": "sha1-XtwETKTrb3gW1Qui/GPiXY/kcH8="
        }
      }
    },
    "ms": {
      "version": "2.0.0",
      "resolved": "https://artifactory.homeawaycorp.com/artifactory/api/npm/npm/ms/-/ms-2.0.0.tgz",
      "integrity": "sha1-VgiurfwAvmwpAd9fmGF4jeDVl8g="
    },
    "muri": {
      "version": "1.2.2",
      "resolved": "https://artifactory.homeawaycorp.com/artifactory/api/npm/npm/muri/-/muri-1.2.2.tgz",
      "integrity": "sha1-YxmBMmUNsIoEzHnM0A3Tia/SYxw="
    },
    "process-nextick-args": {
      "version": "1.0.7",
      "resolved": "https://artifactory.homeawaycorp.com/artifactory/api/npm/npm/process-nextick-args/-/process-nextick-args-1.0.7.tgz",
      "integrity": "sha1-FQ4gt1ZZCtP5EJPyWk8q2L/zC6M="
    },
    "readable-stream": {
      "version": "2.2.7",
      "resolved": "https://artifactory.homeawaycorp.com/artifactory/api/npm/npm/readable-stream/-/readable-stream-2.2.7.tgz",
      "integrity": "sha1-BwV6y+JGeyIELTb5jFrVBwVOlbE="
    },
    "regexp-clone": {
      "version": "0.0.1",
      "resolved": "https://artifactory.homeawaycorp.com/artifactory/api/npm/npm/regexp-clone/-/regexp-clone-0.0.1.tgz",
      "integrity": "sha1-p8LgmJH9vzj7sQ03b7cwA+aKxYk="
    },
    "require_optional": {
      "version": "1.0.1",
      "resolved": "https://artifactory.homeawaycorp.com/artifactory/api/npm/npm/require_optional/-/require_optional-1.0.1.tgz",
      "integrity": "sha1-TPNaQkf2TKPfjC7yCMxJSxyo/C4="
    },
    "resolve-from": {
      "version": "2.0.0",
      "resolved": "https://artifactory.homeawaycorp.com/artifactory/api/npm/npm/resolve-from/-/resolve-from-2.0.0.tgz",
      "integrity": "sha1-lICrIOlP+h2egKgEx+oUdhGWa1c="
    },
    "safe-buffer": {
      "version": "5.1.1",
      "resolved": "https://artifactory.homeawaycorp.com/artifactory/api/npm/npm/safe-buffer/-/safe-buffer-5.1.1.tgz",
      "integrity": "sha1-iTMSr2myEj3vcfV4iQAWce6yyFM="
    },
    "semver": {
      "version": "5.3.0",
      "resolved": "https://artifactory.homeawaycorp.com/artifactory/api/npm/npm/semver/-/semver-5.3.0.tgz",
      "integrity": "sha1-myzl094C0XxgEq0yaqa00M9U+U8="
    },
    "sliced": {
      "version": "1.0.1",
      "resolved": "https://artifactory.homeawaycorp.com/artifactory/api/npm/npm/sliced/-/sliced-1.0.1.tgz",
      "integrity": "sha1-CzpmK10Ewxd7GSa+qCsD+Dei70E="
    },
    "string_decoder": {
      "version": "1.0.3",
      "resolved": "https://artifactory.homeawaycorp.com/artifactory/api/npm/npm/string_decoder/-/string_decoder-1.0.3.tgz",
      "integrity": "sha1-D8Z9fBQYJd6UKC3VNr7GubzoYKs="
    },
    "util-deprecate": {
      "version": "1.0.2",
      "resolved": "https://artifactory.homeawaycorp.com/artifactory/api/npm/npm/util-deprecate/-/util-deprecate-1.0.2.tgz",
      "integrity": "sha1-RQ1Nyfpw3nMnYvvS1KKJgUGaDM8="
    }
  }
}
